
Microsoft Visual Studio Solution File, Format Version 12.00
# Visual Studio Version 16
VisualStudioVersion = 16.0.31605.320
MinimumVisualStudioVersion = 10.0.40219.1
Project("{FAE04EC0-301F-11D3-BF4B-00C04F79EFBC}") = "WebApplication5", "WebApplication5\WebApplication5.csproj", "{B6A085CB-34DB-4128-8780-7AA1BCE7B511}"
EndProject
Global
	GlobalSection(SolutionConfigurationPlatforms) = preSolution
		Debug|Any CPU = Debug|Any CPU
		Release|Any CPU = Release|Any CPU
	EndGlobalSection
	GlobalSection(ProjectConfigurationPlatforms) = postSolution
		{B6A085CB-34DB-4128-8780-7AA1BCE7B511}.Debug|Any CPU.ActiveCfg = Debug|Any CPU
		{B6A085CB-34DB-4128-8780-7AA1BCE7B511}.Debug|Any CPU.Build.0 = Debug|Any CPU
		{B6A085CB-34DB-4128-8780-7AA1BCE7B511}.Release|Any CPU.ActiveCfg = Release|Any CPU
		{B6A085CB-34DB-4128-8780-7AA1BCE7B511}.Release|Any CPU.Build.0 = Release|Any CPU
	EndGlobalSection
	GlobalSection(SolutionProperties) = preSolution
		HideSolutionNode = FALSE
	EndGlobalSection
	GlobalSection(ExtensibilityGlobals) = postSolution
		SolutionGuid = {FB9BBDAD-140B-4210-88D6-97742786A382}
	EndGlobalSection
EndGlobal
